
Microsoft Visual Studio Solution File, Format Version 12.00
# Visual Studio Version 16
VisualStudioVersion = 16.0.30002.166
MinimumVisualStudioVersion = 10.0.40219.1
Project("{8BC9CEB8-8B4A-11D0-8D11-00A0C91BC942}") = "Stella", "Stella.vcxproj", "{DB03C7AB-2846-44AE-A063-FDDF754021DD}"
EndProject
Global
	GlobalSection(SolutionConfigurationPlatforms) = preSolution
		Debug|x64 = Debug|x64
		Release|x64 = Release|x64
	EndGlobalSection
	GlobalSection(ProjectConfigurationPlatforms) = postSolution
		{DB03C7AB-2846-44AE-A063-FDDF754021DD}.Debug|x64.ActiveCfg = Debug|x64
		{DB03C7AB-2846-44AE-A063-FDDF754021DD}.Debug|x64.Build.0 = Debug|x64
		{DB03C7AB-2846-44AE-A063-FDDF754021DD}.Release|x64.ActiveCfg = Release|x64
		{DB03C7AB-2846-44AE-A063-FDDF754021DD}.Release|x64.Build.0 = Release|x64
	EndGlobalSection
	GlobalSection(SolutionProperties) = preSolution
		HideSolutionNode = FALSE
	EndGlobalSection
	GlobalSection(ExtensibilityGlobals) = postSolution
		SolutionGuid = {034826FD-ADD1-4BFE-B790-B8731F70D14B}
	EndGlobalSection
EndGlobal
